{
  "nodes": {
    "flakeNimbleLib": {
      "inputs": {
        "nixpkgs": [
          "nixpkgs"
        ]
      },
      "locked": {
        "lastModified": 1662018438,
        "narHash": "sha256-QtNtU6+LX3Wokxf0zlFwKTFOcn6TeDjKQZ+DA9OYtvM=",
        "owner": "riinr",
        "repo": "nim-flakes-lib",
        "rev": "b1fe8340736e3a85d25c709ac3dfd82a55c03cbf",
        "type": "github"
      },
      "original": {
        "owner": "riinr",
        "ref": "master",
        "repo": "nim-flakes-lib",
        "type": "github"
      }
    },
    "fuse-master": {
      "inputs": {
        "flakeNimbleLib": [
          "flakeNimbleLib"
        ],
        "nixpkgs": [
          "nixpkgs"
        ],
        "src-fuse-master": "src-fuse-master"
      },
      "locked": {
        "dir": "master",
        "lastModified": 1662254479,
        "narHash": "sha256-q/FeTt+SfoZ1VHrftCBQdrgZQVVl0v9FTS7XGcBYWcI=",
        "owner": "nim-nix-pkgs",
        "repo": "fuse",
        "rev": "e7f6f945cc5561165671ed64e9d5cae43e0e2404",
        "type": "github"
      },
      "original": {
        "dir": "master",
        "owner": "nim-nix-pkgs",
        "ref": "master",
        "repo": "fuse",
        "type": "github"
      }
    },
    "nixpkgs": {
      "locked": {
        "lastModified": 1667110639,
        "narHash": "sha256-4FbPESZ5LbqQxkJJJBAfk/zKgF9h/4kyUwjjpJwYlbc=",
        "owner": "NixOS",
        "repo": "nixpkgs",
        "rev": "f38a1f04d1bec1feb61fd101a0539ae2002a7087",
        "type": "github"
      },
      "original": {
        "id": "nixpkgs",
        "type": "indirect"
      }
    },
    "root": {
      "inputs": {
        "flakeNimbleLib": "flakeNimbleLib",
        "fuse-master": "fuse-master",
        "nixpkgs": "nixpkgs"
      }
    },
    "src-fuse-master": {
      "flake": false,
      "locked": {
        "lastModified": 1424576568,
        "narHash": "sha256-aShltJDJ6M2SF3/L+RifJ1OV+Ke7SCID/kNjB4AsBh4=",
        "owner": "akiradeveloper",
        "repo": "nim-fuse",
        "rev": "e2bf395b40c7a00d6130c9eb97d9419ad95c6591",
        "type": "github"
      },
      "original": {
        "owner": "akiradeveloper",
        "ref": "refs/heads/master",
        "repo": "nim-fuse",
        "type": "github"
      }
    }
  },
  "root": "root",
  "version": 7
}
